// !$*UTF8*$!
{
	archiveVersion = 1;
	classes = {
	};
	objectVersion = 56;
	objects = {

/* Begin PBXBuildFile section */
		5951398E28FD5DE400798B44 /* PokemonListView.swift in Sources */ = {isa = PBXBuildFile; fileRef = 5951398D28FD5DE400798B44 /* PokemonListView.swift */; };
		5951399028FD5EDA00798B44 /* PokemonDetailView.swift in Sources */ = {isa = PBXBuildFile; fileRef = 5951398F28FD5EDA00798B44 /* PokemonDetailView.swift */; };
		5951399228FD5F8B00798B44 /* PokemonView.swift in Sources */ = {isa = PBXBuildFile; fileRef = 5951399128FD5F8B00798B44 /* PokemonView.swift */; };
		5951399628FD67DF00798B44 /* SplashScreenView.swift in Sources */ = {isa = PBXBuildFile; fileRef = 5951399528FD67DF00798B44 /* SplashScreenView.swift */; };
		5951399828FD6E6900798B44 /* FavoritesView.swift in Sources */ = {isa = PBXBuildFile; fileRef = 5951399728FD6E6900798B44 /* FavoritesView.swift */; };
		599F7EC12908683B005D2794 /* Tab.swift in Sources */ = {isa = PBXBuildFile; fileRef = 599F7EC02908683B005D2794 /* Tab.swift */; };
		59FC7BDA28FCA98E0087F374 /* student649744App.swift in Sources */ = {isa = PBXBuildFile; fileRef = 59FC7BD928FCA98E0087F374 /* student649744App.swift */; };
		59FC7BDC28FCA98E0087F374 /* ContentView.swift in Sources */ = {isa = PBXBuildFile; fileRef = 59FC7BDB28FCA98E0087F374 /* ContentView.swift */; };
		59FC7BDE28FCA98F0087F374 /* Assets.xcassets in Resources */ = {isa = PBXBuildFile; fileRef = 59FC7BDD28FCA98F0087F374 /* Assets.xcassets */; };
		59FC7BE128FCA98F0087F374 /* Preview Assets.xcassets in Resources */ = {isa = PBXBuildFile; fileRef = 59FC7BE028FCA98F0087F374 /* Preview Assets.xcassets */; };
		59FC7BE928FCAA0C0087F374 /* Helpers.swift in Sources */ = {isa = PBXBuildFile; fileRef = 59FC7BE828FCAA0C0087F374 /* Helpers.swift */; };
		59FC7BEC28FCAF020087F374 /* PokemonManager.swift in Sources */ = {isa = PBXBuildFile; fileRef = 59FC7BEB28FCAF020087F374 /* PokemonManager.swift */; };
		59FC7BEF28FCAF520087F374 /* Pokemon.swift in Sources */ = {isa = PBXBuildFile; fileRef = 59FC7BEE28FCAF520087F374 /* Pokemon.swift */; };
		59FC7BF128FCB01E0087F374 /* PokemonPage.swift in Sources */ = {isa = PBXBuildFile; fileRef = 59FC7BF028FCB01E0087F374 /* PokemonPage.swift */; };
		59FC7BF328FCB0A80087F374 /* PokemonDetail.swift in Sources */ = {isa = PBXBuildFile; fileRef = 59FC7BF228FCB0A80087F374 /* PokemonDetail.swift */; };
		59FC7BF528FCB12B0087F374 /* PokemonFavorites.swift in Sources */ = {isa = PBXBuildFile; fileRef = 59FC7BF428FCB12B0087F374 /* PokemonFavorites.swift */; };
		59FC7BF828FCB2B40087F374 /* ViewModel.swift in Sources */ = {isa = PBXBuildFile; fileRef = 59FC7BF728FCB2B40087F374 /* ViewModel.swift */; };
/* End PBXBuildFile section */

/* Begin PBXFileReference section */
		5951398D28FD5DE400798B44 /* PokemonListView.swift */ = {isa = PBXFileReference; lastKnownFileType = sourcecode.swift; path = PokemonListView.swift; sourceTree = "<group>"; };
		5951398F28FD5EDA00798B44 /* PokemonDetailView.swift */ = {isa = PBXFileReference; lastKnownFileType = sourcecode.swift; path = PokemonDetailView.swift; sourceTree = "<group>"; };
		5951399128FD5F8B00798B44 /* PokemonView.swift */ = {isa = PBXFileReference; lastKnownFileType = sourcecode.swift; path = PokemonView.swift; sourceTree = "<group>"; };
		5951399528FD67DF00798B44 /* SplashScreenView.swift */ = {isa = PBXFileReference; lastKnownFileType = sourcecode.swift; path = SplashScreenView.swift; sourceTree = "<group>"; };
		5951399728FD6E6900798B44 /* FavoritesView.swift */ = {isa = PBXFileReference; lastKnownFileType = sourcecode.swift; path = FavoritesView.swift; sourceTree = "<group>"; };
		599F7EC02908683B005D2794 /* Tab.swift */ = {isa = PBXFileReference; lastKnownFileType = sourcecode.swift; path = Tab.swift; sourceTree = "<group>"; };
		59FC7BD628FCA98E0087F374 /* student649744.app */ = {isa = PBXFileReference; explicitFileType = wrapper.application; includeInIndex = 0; path = student649744.app; sourceTree = BUILT_PRODUCTS_DIR; };
		59FC7BD928FCA98E0087F374 /* student649744App.swift */ = {isa = PBXFileReference; lastKnownFileType = sourcecode.swift; path = student649744App.swift; sourceTree = "<group>"; };
		59FC7BDB28FCA98E0087F374 /* ContentView.swift */ = {isa = PBXFileReference; lastKnownFileType = sourcecode.swift; path = ContentView.swift; sourceTree = "<group>"; };
		59FC7BDD28FCA98F0087F374 /* Assets.xcassets */ = {isa = PBXFileReference; lastKnownFileType = folder.assetcatalog; path = Assets.xcassets; sourceTree = "<group>"; };
		59FC7BE028FCA98F0087F374 /* Preview Assets.xcassets */ = {isa = PBXFileReference; lastKnownFileType = folder.assetcatalog; path = "Preview Assets.xcassets"; sourceTree = "<group>"; };
		59FC7BE828FCAA0C0087F374 /* Helpers.swift */ = {isa = PBXFileReference; lastKnownFileType = sourcecode.swift; path = Helpers.swift; sourceTree = "<group>"; };
		59FC7BEB28FCAF020087F374 /* PokemonManager.swift */ = {isa = PBXFileReference; lastKnownFileType = sourcecode.swift; path = PokemonManager.swift; sourceTree = "<group>"; };
		59FC7BEE28FCAF520087F374 /* Pokemon.swift */ = {isa = PBXFileReference; lastKnownFileType = sourcecode.swift; path = Pokemon.swift; sourceTree = "<group>"; };
		59FC7BF028FCB01E0087F374 /* PokemonPage.swift */ = {isa = PBXFileReference; lastKnownFileType = sourcecode.swift; path = PokemonPage.swift; sourceTree = "<group>"; };
		59FC7BF228FCB0A80087F374 /* PokemonDetail.swift */ = {isa = PBXFileReference; lastKnownFileType = sourcecode.swift; path = PokemonDetail.swift; sourceTree = "<group>"; };
		59FC7BF428FCB12B0087F374 /* PokemonFavorites.swift */ = {isa = PBXFileReference; lastKnownFileType = sourcecode.swift; path = PokemonFavorites.swift; sourceTree = "<group>"; };
		59FC7BF728FCB2B40087F374 /* ViewModel.swift */ = {isa = PBXFileReference; lastKnownFileType = sourcecode.swift; path = ViewModel.swift; sourceTree = "<group>"; };
/* End PBXFileReference section */

/* Begin PBXFrameworksBuildPhase section */
		59FC7BD328FCA98E0087F374 /* Frameworks */ = {
			isa = PBXFrameworksBuildPhase;
			buildActionMask = 2147483647;
			files = (
			);
			runOnlyForDeploymentPostprocessing = 0;
		};
/* End PBXFrameworksBuildPhase section */

/* Begin PBXGroup section */
		5951398C28FD5DB500798B44 /* views */ = {
			isa = PBXGroup;
			children = (
				5951398D28FD5DE400798B44 /* PokemonListView.swift */,
				5951398F28FD5EDA00798B44 /* PokemonDetailView.swift */,
				5951399128FD5F8B00798B44 /* PokemonView.swift */,
				5951399528FD67DF00798B44 /* SplashScreenView.swift */,
				5951399728FD6E6900798B44 /* FavoritesView.swift */,
			);
			path = views;
			sourceTree = "<group>";
		};
		59FC7BCD28FCA98E0087F374 = {
			isa = PBXGroup;
			children = (
				59FC7BD828FCA98E0087F374 /* student649744 */,
				59FC7BD728FCA98E0087F374 /* Products */,
			);
			sourceTree = "<group>";
		};
		59FC7BD728FCA98E0087F374 /* Products */ = {
			isa = PBXGroup;
			children = (
				59FC7BD628FCA98E0087F374 /* student649744.app */,
			);
			name = Products;
			sourceTree = "<group>";
		};
		59FC7BD828FCA98E0087F374 /* student649744 */ = {
			isa = PBXGroup;
			children = (
				5951398C28FD5DB500798B44 /* views */,
				59FC7BF628FCB2680087F374 /* viewmodel */,
				59FC7BED28FCAF440087F374 /* model */,
				59FC7BEA28FCAEEE0087F374 /* manager */,
				59FC7BE728FCA9E10087F374 /* helper */,
				59FC7BD928FCA98E0087F374 /* student649744App.swift */,
				59FC7BDB28FCA98E0087F374 /* ContentView.swift */,
				59FC7BDD28FCA98F0087F374 /* Assets.xcassets */,
				59FC7BDF28FCA98F0087F374 /* Preview Content */,
			);
			path = student649744;
			sourceTree = "<group>";
		};
		59FC7BDF28FCA98F0087F374 /* Preview Content */ = {
			isa = PBXGroup;
			children = (
				59FC7BE028FCA98F0087F374 /* Preview Assets.xcassets */,
			);
			path = "Preview Content";
			sourceTree = "<group>";
		};
		59FC7BE728FCA9E10087F374 /* helper */ = {
			isa = PBXGroup;
			children = (
				59FC7BE828FCAA0C0087F374 /* Helpers.swift */,
			);
			path = helper;
			sourceTree = "<group>";
		};
		59FC7BEA28FCAEEE0087F374 /* manager */ = {
			isa = PBXGroup;
			children = (
				59FC7BEB28FCAF020087F374 /* PokemonManager.swift */,
			);
			path = manager;
			sourceTree = "<group>";
		};
		59FC7BED28FCAF440087F374 /* model */ = {
			isa = PBXGroup;
			children = (
				59FC7BEE28FCAF520087F374 /* Pokemon.swift */,
				59FC7BF028FCB01E0087F374 /* PokemonPage.swift */,
				59FC7BF228FCB0A80087F374 /* PokemonDetail.swift */,
				59FC7BF428FCB12B0087F374 /* PokemonFavorites.swift */,
				599F7EC02908683B005D2794 /* Tab.swift */,
			);
			path = model;
			sourceTree = "<group>";
		};
		59FC7BF628FCB2680087F374 /* viewmodel */ = {
			isa = PBXGroup;
			children = (
				59FC7BF728FCB2B40087F374 /* ViewModel.swift */,
			);
			path = viewmodel;
			sourceTree = "<group>";
		};
/* End PBXGroup section */

/* Begin PBXNativeTarget section */
		59FC7BD528FCA98E0087F374 /* student649744 */ = {
			isa = PBXNativeTarget;
			buildConfigurationList = 59FC7BE428FCA98F0087F374 /* Build configuration list for PBXNativeTarget "student649744" */;
			buildPhases = (
				59FC7BD228FCA98E0087F374 /* Sources */,
				59FC7BD328FCA98E0087F374 /* Frameworks */,
				59FC7BD428FCA98E0087F374 /* Resources */,
			);
			buildRules = (
			);
			dependencies = (
			);
			name = student649744;
			productName = student649744;
			productReference = 59FC7BD628FCA98E0087F374 /* student649744.app */;
			productType = "com.apple.product-type.application";
		};
/* End PBXNativeTarget section */

/* Begin PBXProject section */
		59FC7BCE28FCA98E0087F374 /* Project object */ = {
			isa = PBXProject;
			attributes = {
				BuildIndependentTargetsInParallel = 1;
				LastSwiftUpdateCheck = 1400;
				LastUpgradeCheck = 1400;
				TargetAttributes = {
					59FC7BD528FCA98E0087F374 = {
						CreatedOnToolsVersion = 14.0.1;
					};
				};
			};
			buildConfigurationList = 59FC7BD128FCA98E0087F374 /* Build configuration list for PBXProject "student649744" */;
			compatibilityVersion = "Xcode 14.0";
			developmentRegion = en;
			hasScannedForEncodings = 0;
			knownRegions = (
				en,
				Base,
			);
			mainGroup = 59FC7BCD28FCA98E0087F374;
			productRefGroup = 59FC7BD728FCA98E0087F374 /* Products */;
			projectDirPath = "";
			projectRoot = "";
			targets = (
				59FC7BD528FCA98E0087F374 /* student649744 */,
			);
		};
/* End PBXProject section */

/* Begin PBXResourcesBuildPhase section */
		59FC7BD428FCA98E0087F374 /* Resources */ = {
			isa = PBXResourcesBuildPhase;
			buildActionMask = 2147483647;
			files = (
				59FC7BE128FCA98F0087F374 /* Preview Assets.xcassets in Resources */,
				59FC7BDE28FCA98F0087F374 /* Assets.xcassets in Resources */,
			);
			runOnlyForDeploymentPostprocessing = 0;
		};
/* End PBXResourcesBuildPhase section */

/* Begin PBXSourcesBuildPhase section */
		59FC7BD228FCA98E0087F374 /* Sources */ = {
			isa = PBXSourcesBuildPhase;
			buildActionMask = 2147483647;
			files = (
				5951399228FD5F8B00798B44 /* PokemonView.swift in Sources */,
				5951398E28FD5DE400798B44 /* PokemonListView.swift in Sources */,
				59FC7BEF28FCAF520087F374 /* Pokemon.swift in Sources */,
				59FC7BF828FCB2B40087F374 /* ViewModel.swift in Sources */,
				5951399828FD6E6900798B44 /* FavoritesView.swift in Sources */,
				59FC7BDC28FCA98E0087F374 /* ContentView.swift in Sources */,
				59FC7BF328FCB0A80087F374 /* PokemonDetail.swift in Sources */,
				5951399628FD67DF00798B44 /* SplashScreenView.swift in Sources */,
				5951399028FD5EDA00798B44 /* PokemonDetailView.swift in Sources */,
				59FC7BF128FCB01E0087F374 /* PokemonPage.swift in Sources */,
				59FC7BE928FCAA0C0087F374 /* Helpers.swift in Sources */,
				599F7EC12908683B005D2794 /* Tab.swift in Sources */,
				59FC7BF528FCB12B0087F374 /* PokemonFavorites.swift in Sources */,
				59FC7BDA28FCA98E0087F374 /* student649744App.swift in Sources */,
				59FC7BEC28FCAF020087F374 /* PokemonManager.swift in Sources */,
			);
			runOnlyForDeploymentPostprocessing = 0;
		};
/* End PBXSourcesBuildPhase section */

/* Begin XCBuildConfiguration section */
		59FC7BE228FCA98F0087F374 /* Debug */ = {
			isa = XCBuildConfiguration;
			buildSettings = {
				ALWAYS_SEARCH_USER_PATHS = NO;
				CLANG_ANALYZER_NONNULL = YES;
				CLANG_ANALYZER_NUMBER_OBJECT_CONVERSION = YES_AGGRESSIVE;
				CLANG_CXX_LANGUAGE_STANDARD = "gnu++20";
				CLANG_ENABLE_MODULES = YES;
				CLANG_ENABLE_OBJC_ARC = YES;
				CLANG_ENABLE_OBJC_WEAK = YES;
				CLANG_WARN_BLOCK_CAPTURE_AUTORELEASING = YES;
				CLANG_WARN_BOOL_CONVERSION = YES;
				CLANG_WARN_COMMA = YES;
				CLANG_WARN_CONSTANT_CONVERSION = YES;
				CLANG_WARN_DEPRECATED_OBJC_IMPLEMENTATIONS = YES;
				CLANG_WARN_DIRECT_OBJC_ISA_USAGE = YES_ERROR;
				CLANG_WARN_DOCUMENTATION_COMMENTS = YES;
				CLANG_WARN_EMPTY_BODY = YES;
				CLANG_WARN_ENUM_CONVERSION = YES;
				CLANG_WARN_INFINITE_RECURSION = YES;
				CLANG_WARN_INT_CONVERSION = YES;
				CLANG_WARN_NON_LITERAL_NULL_CONVERSION = YES;
				CLANG_WARN_OBJC_IMPLICIT_RETAIN_SELF = YES;
				CLANG_WARN_OBJC_LITERAL_CONVERSION = YES;
				CLANG_WARN_OBJC_ROOT_CLASS = YES_ERROR;
				CLANG_WARN_QUOTED_INCLUDE_IN_FRAMEWORK_HEADER = YES;
				CLANG_WARN_RANGE_LOOP_ANALYSIS = YES;
				CLANG_WARN_STRICT_PROTOTYPES = YES;
				CLANG_WARN_SUSPICIOUS_MOVE = YES;
				CLANG_WARN_UNGUARDED_AVAILABILITY = YES_AGGRESSIVE;
				CLANG_WARN_UNREACHABLE_CODE = YES;
				CLANG_WARN__DUPLICATE_METHOD_MATCH = YES;
				COPY_PHASE_STRIP = NO;
				DEBUG_INFORMATION_FORMAT = dwarf;
				ENABLE_STRICT_OBJC_MSGSEND = YES;
				ENABLE_TESTABILITY = YES;
				GCC_C_LANGUAGE_STANDARD = gnu11;
				GCC_DYNAMIC_NO_PIC = NO;
				GCC_NO_COMMON_BLOCKS = YES;
				GCC_OPTIMIZATION_LEVEL = 0;
				GCC_PREPROCESSOR_DEFINITIONS = (
					"DEBUG=1",
					"$(inherited)",
				);
				GCC_WARN_64_TO_32_BIT_CONVERSION = YES;
				GCC_WARN_ABOUT_RETURN_TYPE = YES_ERROR;
				GCC_WARN_UNDECLARED_SELECTOR = YES;
				GCC_WARN_UNINITIALIZED_AUTOS = YES_AGGRESSIVE;
				GCC_WARN_UNUSED_FUNCTION = YES;
				GCC_WARN_UNUSED_VARIABLE = YES;
				IPHONEOS_DEPLOYMENT_TARGET = 16.0;
				MTL_ENABLE_DEBUG_INFO = INCLUDE_SOURCE;
				MTL_FAST_MATH = YES;
				ONLY_ACTIVE_ARCH = YES;
				SDKROOT = iphoneos;
				SWIFT_ACTIVE_COMPILATION_CONDITIONS = DEBUG;
				SWIFT_OPTIMIZATION_LEVEL = "-Onone";
			};
			name = Debug;
		};
		59FC7BE328FCA98F0087F374 /* Release */ = {
			isa = XCBuildConfiguration;
			buildSettings = {
				ALWAYS_SEARCH_USER_PATHS = NO;
				CLANG_ANALYZER_NONNULL = YES;
				CLANG_ANALYZER_NUMBER_OBJECT_CONVERSION = YES_AGGRESSIVE;
				CLANG_CXX_LANGUAGE_STANDARD = "gnu++20";
				CLANG_ENABLE_MODULES = YES;
				CLANG_ENABLE_OBJC_ARC = YES;
				CLANG_ENABLE_OBJC_WEAK = YES;
				CLANG_WARN_BLOCK_CAPTURE_AUTORELEASING = YES;
				CLANG_WARN_BOOL_CONVERSION = YES;
				CLANG_WARN_COMMA = YES;
				CLANG_WARN_CONSTANT_CONVERSION = YES;
				CLANG_WARN_DEPRECATED_OBJC_IMPLEMENTATIONS = YES;
				CLANG_WARN_DIRECT_OBJC_ISA_USAGE = YES_ERROR;
				CLANG_WARN_DOCUMENTATION_COMMENTS = YES;
				CLANG_WARN_EMPTY_BODY = YES;
				CLANG_WARN_ENUM_CONVERSION = YES;
				CLANG_WARN_INFINITE_RECURSION = YES;
				CLANG_WARN_INT_CONVERSION = YES;
				CLANG_WARN_NON_LITERAL_NULL_CONVERSION = YES;
				CLANG_WARN_OBJC_IMPLICIT_RETAIN_SELF = YES;
				CLANG_WARN_OBJC_LITERAL_CONVERSION = YES;
				CLANG_WARN_OBJC_ROOT_CLASS = YES_ERROR;
				CLANG_WARN_QUOTED_INCLUDE_IN_FRAMEWORK_HEADER = YES;
				CLANG_WARN_RANGE_LOOP_ANALYSIS = YES;
				CLANG_WARN_STRICT_PROTOTYPES = YES;
				CLANG_WARN_SUSPICIOUS_MOVE = YES;
				CLANG_WARN_UNGUARDED_AVAILABILITY = YES_AGGRESSIVE;
				CLANG_WARN_UNREACHABLE_CODE = YES;
				CLANG_WARN__DUPLICATE_METHOD_MATCH = YES;
				COPY_PHASE_STRIP = NO;
				DEBUG_INFORMATION_FORMAT = "dwarf-with-dsym";
				ENABLE_NS_ASSERTIONS = NO;
				ENABLE_STRICT_OBJC_MSGSEND = YES;
				GCC_C_LANGUAGE_STANDARD = gnu11;
				GCC_NO_COMMON_BLOCKS = YES;
				GCC_WARN_64_TO_32_BIT_CONVERSION = YES;
				GCC_WARN_ABOUT_RETURN_TYPE = YES_ERROR;
				GCC_WARN_UNDECLARED_SELECTOR = YES;
				GCC_WARN_UNINITIALIZED_AUTOS = YES_AGGRESSIVE;
				GCC_WARN_UNUSED_FUNCTION = YES;
				GCC_WARN_UNUSED_VARIABLE = YES;
				IPHONEOS_DEPLOYMENT_TARGET = 16.0;
				MTL_ENABLE_DEBUG_INFO = NO;
				MTL_FAST_MATH = YES;
				SDKROOT = iphoneos;
				SWIFT_COMPILATION_MODE = wholemodule;
				SWIFT_OPTIMIZATION_LEVEL = "-O";
				VALIDATE_PRODUCT = YES;
			};
			name = Release;
		};
		59FC7BE528FCA98F0087F374 /* Debug */ = {
			isa = XCBuildConfiguration;
			buildSettings = {
				ASSETCATALOG_COMPILER_APPICON_NAME = AppIcon;
				ASSETCATALOG_COMPILER_GLOBAL_ACCENT_COLOR_NAME = AccentColor;
				CODE_SIGN_STYLE = Automatic;
				CURRENT_PROJECT_VERSION = 1;
				DEVELOPMENT_ASSET_PATHS = "\"student649744/Preview Content\"";
				ENABLE_PREVIEWS = YES;
				GENERATE_INFOPLIST_FILE = YES;
				INFOPLIST_KEY_UIApplicationSceneManifest_Generation = YES;
				INFOPLIST_KEY_UIApplicationSupportsIndirectInputEvents = YES;
				INFOPLIST_KEY_UILaunchScreen_Generation = YES;
				INFOPLIST_KEY_UISupportedInterfaceOrientations_iPad = "UIInterfaceOrientationPortrait UIInterfaceOrientationPortraitUpsideDown UIInterfaceOrientationLandscapeLeft UIInterfaceOrientationLandscapeRight";
				INFOPLIST_KEY_UISupportedInterfaceOrientations_iPhone = "UIInterfaceOrientationPortrait UIInterfaceOrientationLandscapeLeft UIInterfaceOrientationLandscapeRight";
				LD_RUNPATH_SEARCH_PATHS = (
					"$(inherited)",
					"@executable_path/Frameworks",
				);
				MARKETING_VERSION = 1.0;
				PRODUCT_BUNDLE_IDENTIFIER = nl.narvekar.abhishek.student649744;
				PRODUCT_NAME = "$(TARGET_NAME)";
				SWIFT_EMIT_LOC_STRINGS = YES;
				SWIFT_VERSION = 5.0;
				TARGETED_DEVICE_FAMILY = "1,2";
			};
			name = Debug;
		};
		59FC7BE628FCA98F0087F374 /* Release */ = {
			isa = XCBuildConfiguration;
			buildSettings = {
				ASSETCATALOG_COMPILER_APPICON_NAME = AppIcon;
				ASSETCATALOG_COMPILER_GLOBAL_ACCENT_COLOR_NAME = AccentColor;
				CODE_SIGN_STYLE = Automatic;
				CURRENT_PROJECT_VERSION = 1;
				DEVELOPMENT_ASSET_PATHS = "\"student649744/Preview Content\"";
				ENABLE_PREVIEWS = YES;
				GENERATE_INFOPLIST_FILE = YES;
				INFOPLIST_KEY_UIApplicationSceneManifest_Generation = YES;
				INFOPLIST_KEY_UIApplicationSupportsIndirectInputEvents = YES;
				INFOPLIST_KEY_UILaunchScreen_Generation = YES;
				INFOPLIST_KEY_UISupportedInterfaceOrientations_iPad = "UIInterfaceOrientationPortrait UIInterfaceOrientationPortraitUpsideDown UIInterfaceOrientationLandscapeLeft UIInterfaceOrientationLandscapeRight";
				INFOPLIST_KEY_UISupportedInterfaceOrientations_iPhone = "UIInterfaceOrientationPortrait UIInterfaceOrientationLandscapeLeft UIInterfaceOrientationLandscapeRight";
				LD_RUNPATH_SEARCH_PATHS = (
					"$(inherited)",
					"@executable_path/Frameworks",
				);
				MARKETING_VERSION = 1.0;
				PRODUCT_BUNDLE_IDENTIFIER = nl.narvekar.abhishek.student649744;
				PRODUCT_NAME = "$(TARGET_NAME)";
				SWIFT_EMIT_LOC_STRINGS = YES;
				SWIFT_VERSION = 5.0;
				TARGETED_DEVICE_FAMILY = "1,2";
			};
			name = Release;
		};
/* End XCBuildConfiguration section */

/* Begin XCConfigurationList section */
		59FC7BD128FCA98E0087F374 /* Build configuration list for PBXProject "student649744" */ = {
			isa = XCConfigurationList;
			buildConfigurations = (
				59FC7BE228FCA98F0087F374 /* Debug */,
				59FC7BE328FCA98F0087F374 /* Release */,
			);
			defaultConfigurationIsVisible = 0;
			defaultConfigurationName = Release;
		};
		59FC7BE428FCA98F0087F374 /* Build configuration list for PBXNativeTarget "student649744" */ = {
			isa = XCConfigurationList;
			buildConfigurations = (
				59FC7BE528FCA98F0087F374 /* Debug */,
				59FC7BE628FCA98F0087F374 /* Release */,
			);
			defaultConfigurationIsVisible = 0;
			defaultConfigurationName = Release;
		};
/* End XCConfigurationList section */
	};
	rootObject = 59FC7BCE28FCA98E0087F374 /* Project object */;
}
